
Microsoft Visual Studio Solution File, Format Version 12.00
# Visual Studio Version 17
VisualStudioVersion = 17.3.32811.315
MinimumVisualStudioVersion = 10.0.40219.1
Project("{FAE04EC0-301F-11D3-BF4B-00C04F79EFBC}") = "SeleniumIntro2", "SeleniumIntro2.csproj", "{C9492795-C0A4-40A9-9EDD-46200FC0B20F}"
EndProject
Global
	GlobalSection(SolutionConfigurationPlatforms) = preSolution
		Debug|Any CPU = Debug|Any CPU
		Release|Any CPU = Release|Any CPU
	EndGlobalSection
	GlobalSection(ProjectConfigurationPlatforms) = postSolution
		{C9492795-C0A4-40A9-9EDD-46200FC0B20F}.Debug|Any CPU.ActiveCfg = Debug|Any CPU
		{C9492795-C0A4-40A9-9EDD-46200FC0B20F}.Debug|Any CPU.Build.0 = Debug|Any CPU
		{C9492795-C0A4-40A9-9EDD-46200FC0B20F}.Release|Any CPU.ActiveCfg = Release|Any CPU
		{C9492795-C0A4-40A9-9EDD-46200FC0B20F}.Release|Any CPU.Build.0 = Release|Any CPU
	EndGlobalSection
	GlobalSection(SolutionProperties) = preSolution
		HideSolutionNode = FALSE
	EndGlobalSection
	GlobalSection(ExtensibilityGlobals) = postSolution
		SolutionGuid = {8039CA6B-417F-4EEA-B838-D41B588DD835}
	EndGlobalSection
EndGlobal
