
Microsoft Visual Studio Solution File, Format Version 12.00
# Visual Studio Version 17
VisualStudioVersion = 17.3.32811.315
MinimumVisualStudioVersion = 10.0.40219.1
Project("{FAE04EC0-301F-11D3-BF4B-00C04F79EFBC}") = "HolaSelenium", "HolaSelenium.csproj", "{19FDEE0E-5511-4444-AADB-8EA42D255CEE}"
EndProject
Global
	GlobalSection(SolutionConfigurationPlatforms) = preSolution
		Debug|Any CPU = Debug|Any CPU
		Release|Any CPU = Release|Any CPU
	EndGlobalSection
	GlobalSection(ProjectConfigurationPlatforms) = postSolution
		{19FDEE0E-5511-4444-AADB-8EA42D255CEE}.Debug|Any CPU.ActiveCfg = Debug|Any CPU
		{19FDEE0E-5511-4444-AADB-8EA42D255CEE}.Debug|Any CPU.Build.0 = Debug|Any CPU
		{19FDEE0E-5511-4444-AADB-8EA42D255CEE}.Release|Any CPU.ActiveCfg = Release|Any CPU
		{19FDEE0E-5511-4444-AADB-8EA42D255CEE}.Release|Any CPU.Build.0 = Release|Any CPU
	EndGlobalSection
	GlobalSection(SolutionProperties) = preSolution
		HideSolutionNode = FALSE
	EndGlobalSection
	GlobalSection(ExtensibilityGlobals) = postSolution
		SolutionGuid = {0459E4E5-404C-4E3D-B675-8E9EC3C06560}
	EndGlobalSection
EndGlobal
