
Microsoft Visual Studio Solution File, Format Version 12.00
# Visual Studio Version 17
VisualStudioVersion = 17.3.32811.315
MinimumVisualStudioVersion = 10.0.40219.1
Project("{FAE04EC0-301F-11D3-BF4B-00C04F79EFBC}") = "ObtenerCodigoFuente", "ObtenerCodigoFuente.csproj", "{1F76B8CF-2AF8-43FE-8D49-5C2D5334BBA2}"
EndProject
Global
	GlobalSection(SolutionConfigurationPlatforms) = preSolution
		Debug|Any CPU = Debug|Any CPU
		Release|Any CPU = Release|Any CPU
	EndGlobalSection
	GlobalSection(ProjectConfigurationPlatforms) = postSolution
		{1F76B8CF-2AF8-43FE-8D49-5C2D5334BBA2}.Debug|Any CPU.ActiveCfg = Debug|Any CPU
		{1F76B8CF-2AF8-43FE-8D49-5C2D5334BBA2}.Debug|Any CPU.Build.0 = Debug|Any CPU
		{1F76B8CF-2AF8-43FE-8D49-5C2D5334BBA2}.Release|Any CPU.ActiveCfg = Release|Any CPU
		{1F76B8CF-2AF8-43FE-8D49-5C2D5334BBA2}.Release|Any CPU.Build.0 = Release|Any CPU
	EndGlobalSection
	GlobalSection(SolutionProperties) = preSolution
		HideSolutionNode = FALSE
	EndGlobalSection
	GlobalSection(ExtensibilityGlobals) = postSolution
		SolutionGuid = {7D854603-2F93-4BC2-9F9C-11D6730AFFBC}
	EndGlobalSection
EndGlobal
